
Microsoft Visual Studio Solution File, Format Version 12.00
# Visual Studio Version 17
VisualStudioVersion = 17.8.34322.80
MinimumVisualStudioVersion = 10.0.40219.1
Project("{9A19103F-16F7-4668-BE54-9A1E7A4F7556}") = "Calendar", "Calendar\Calendar.csproj", "{66F0A639-5524-4BB4-A931-22538C7E0F0F}"
EndProject
Project("{54435603-DBB4-11D2-8724-00A0C9A8B90C}") = "Setup", "Setup\Setup.vdproj", "{BC63234A-CE92-4090-BDBE-2B599C5D3DF9}"
EndProject
Global
	GlobalSection(SolutionConfigurationPlatforms) = preSolution
		Debug|Any CPU = Debug|Any CPU
		Release|Any CPU = Release|Any CPU
	EndGlobalSection
	GlobalSection(ProjectConfigurationPlatforms) = postSolution
		{66F0A639-5524-4BB4-A931-22538C7E0F0F}.Debug|Any CPU.ActiveCfg = Debug|Any CPU
		{66F0A639-5524-4BB4-A931-22538C7E0F0F}.Debug|Any CPU.Build.0 = Debug|Any CPU
		{66F0A639-5524-4BB4-A931-22538C7E0F0F}.Release|Any CPU.ActiveCfg = Release|Any CPU
		{66F0A639-5524-4BB4-A931-22538C7E0F0F}.Release|Any CPU.Build.0 = Release|Any CPU
		{BC63234A-CE92-4090-BDBE-2B599C5D3DF9}.Debug|Any CPU.ActiveCfg = Debug
		{BC63234A-CE92-4090-BDBE-2B599C5D3DF9}.Release|Any CPU.ActiveCfg = Release
	EndGlobalSection
	GlobalSection(SolutionProperties) = preSolution
		HideSolutionNode = FALSE
	EndGlobalSection
	GlobalSection(ExtensibilityGlobals) = postSolution
		SolutionGuid = {265E5845-23D9-45A5-B36E-361A2D23A32F}
	EndGlobalSection
EndGlobal
